
Microsoft Visual Studio Solution File, Format Version 12.00
# Visual Studio Version 17
VisualStudioVersion = 17.14.36930.0 d17.14
MinimumVisualStudioVersion = 10.0.40219.1
Project("{FAE04EC0-301F-11D3-BF4B-00C04F79EFBC}") = "DRMusicUITest", "DRMusicUITest.csproj", "{09030356-B6E1-4406-A3BD-28397F826F4B}"
EndProject
Global
	GlobalSection(SolutionConfigurationPlatforms) = preSolution
		Debug|Any CPU = Debug|Any CPU
		Release|Any CPU = Release|Any CPU
	EndGlobalSection
	GlobalSection(ProjectConfigurationPlatforms) = postSolution
		{09030356-B6E1-4406-A3BD-28397F826F4B}.Debug|Any CPU.ActiveCfg = Debug|Any CPU
		{09030356-B6E1-4406-A3BD-28397F826F4B}.Debug|Any CPU.Build.0 = Debug|Any CPU
		{09030356-B6E1-4406-A3BD-28397F826F4B}.Release|Any CPU.ActiveCfg = Release|Any CPU
		{09030356-B6E1-4406-A3BD-28397F826F4B}.Release|Any CPU.Build.0 = Release|Any CPU
	EndGlobalSection
	GlobalSection(SolutionProperties) = preSolution
		HideSolutionNode = FALSE
	EndGlobalSection
	GlobalSection(ExtensibilityGlobals) = postSolution
		SolutionGuid = {D27A86C4-1321-416B-A382-6E51B641B5C8}
	EndGlobalSection
EndGlobal
